
Microsoft Visual Studio Solution File, Format Version 12.00
# Visual Studio Version 17
VisualStudioVersion = 17.3.32929.385
MinimumVisualStudioVersion = 10.0.40219.1
Project("{8BC9CEB8-8B4A-11D0-8D11-00A0C91BC942}") = "VideoAA1", "VideoAA1\VideoAA1.vcxproj", "{3634D7CD-46CE-41AC-99AC-7C8530978F0A}"
EndProject
Global
	GlobalSection(SolutionConfigurationPlatforms) = preSolution
		Debug|x64 = Debug|x64
		Debug|x86 = Debug|x86
		Release|x64 = Release|x64
		Release|x86 = Release|x86
	EndGlobalSection
	GlobalSection(ProjectConfigurationPlatforms) = postSolution
		{3634D7CD-46CE-41AC-99AC-7C8530978F0A}.Debug|x64.ActiveCfg = Debug|x64
		{3634D7CD-46CE-41AC-99AC-7C8530978F0A}.Debug|x64.Build.0 = Debug|x64
		{3634D7CD-46CE-41AC-99AC-7C8530978F0A}.Debug|x86.ActiveCfg = Debug|Win32
		{3634D7CD-46CE-41AC-99AC-7C8530978F0A}.Debug|x86.Build.0 = Debug|Win32
		{3634D7CD-46CE-41AC-99AC-7C8530978F0A}.Release|x64.ActiveCfg = Release|x64
		{3634D7CD-46CE-41AC-99AC-7C8530978F0A}.Release|x64.Build.0 = Release|x64
		{3634D7CD-46CE-41AC-99AC-7C8530978F0A}.Release|x86.ActiveCfg = Release|Win32
		{3634D7CD-46CE-41AC-99AC-7C8530978F0A}.Release|x86.Build.0 = Release|Win32
	EndGlobalSection
	GlobalSection(SolutionProperties) = preSolution
		HideSolutionNode = FALSE
	EndGlobalSection
	GlobalSection(ExtensibilityGlobals) = postSolution
		SolutionGuid = {313970A8-6F0F-4443-9E3A-467421601E2E}
	EndGlobalSection
EndGlobal
